
Microsoft Visual Studio Solution File, Format Version 12.00
# Visual Studio 15
VisualStudioVersion = 15.0.27703.2042
MinimumVisualStudioVersion = 10.0.40219.1
Project("{FAE04EC0-301F-11D3-BF4B-00C04F79EFBC}") = "WebAppSysStaffTourist", "WebAppSysStaffTourist\WebAppSysStaffTourist.csproj", "{8743B979-4ED7-4919-8B3C-5635F9CECE9D}"
EndProject
Global
	GlobalSection(SolutionConfigurationPlatforms) = preSolution
		Debug|Any CPU = Debug|Any CPU
		Release|Any CPU = Release|Any CPU
	EndGlobalSection
	GlobalSection(ProjectConfigurationPlatforms) = postSolution
		{8743B979-4ED7-4919-8B3C-5635F9CECE9D}.Debug|Any CPU.ActiveCfg = Debug|Any CPU
		{8743B979-4ED7-4919-8B3C-5635F9CECE9D}.Debug|Any CPU.Build.0 = Debug|Any CPU
		{8743B979-4ED7-4919-8B3C-5635F9CECE9D}.Release|Any CPU.ActiveCfg = Release|Any CPU
		{8743B979-4ED7-4919-8B3C-5635F9CECE9D}.Release|Any CPU.Build.0 = Release|Any CPU
	EndGlobalSection
	GlobalSection(SolutionProperties) = preSolution
		HideSolutionNode = FALSE
	EndGlobalSection
	GlobalSection(ExtensibilityGlobals) = postSolution
		SolutionGuid = {E830C869-2C4E-4C3D-BDAB-7F54692FE712}
	EndGlobalSection
EndGlobal
